
Microsoft Visual Studio Solution File, Format Version 12.00
# Visual Studio Version 17
VisualStudioVersion = 17.7.34302.85
MinimumVisualStudioVersion = 10.0.40219.1
Project("{FAE04EC0-301F-11D3-BF4B-00C04F79EFBC}") = "JbsnLogger", "JbsnLogger\JbsnLogger.csproj", "{71A93A39-58CB-4B6C-96CD-2F1A525990FB}"
EndProject
Global
	GlobalSection(SolutionConfigurationPlatforms) = preSolution
		Debug|Any CPU = Debug|Any CPU
		Release|Any CPU = Release|Any CPU
	EndGlobalSection
	GlobalSection(ProjectConfigurationPlatforms) = postSolution
		{71A93A39-58CB-4B6C-96CD-2F1A525990FB}.Debug|Any CPU.ActiveCfg = Debug|Any CPU
		{71A93A39-58CB-4B6C-96CD-2F1A525990FB}.Debug|Any CPU.Build.0 = Debug|Any CPU
		{71A93A39-58CB-4B6C-96CD-2F1A525990FB}.Release|Any CPU.ActiveCfg = Release|Any CPU
		{71A93A39-58CB-4B6C-96CD-2F1A525990FB}.Release|Any CPU.Build.0 = Release|Any CPU
	EndGlobalSection
	GlobalSection(SolutionProperties) = preSolution
		HideSolutionNode = FALSE
	EndGlobalSection
	GlobalSection(ExtensibilityGlobals) = postSolution
		SolutionGuid = {6A4C119C-ED3E-4C17-BA9D-C44DD5A9CE66}
	EndGlobalSection
EndGlobal
